
Microsoft Visual Studio Solution File, Format Version 12.00
# Visual Studio Version 16
VisualStudioVersion = 25.0.1705.3
MinimumVisualStudioVersion = 10.0.40219.1
Project("{FAE04EC0-301F-11D3-BF4B-00C04F79EFBC}") = "Watermark.Web", "Watermark.Web\Watermark.Web.csproj", "{92DE133C-47BD-4304-A906-F3DE2C6D462F}"
EndProject
Global
	GlobalSection(SolutionConfigurationPlatforms) = preSolution
		Debug|Any CPU = Debug|Any CPU
		Release|Any CPU = Release|Any CPU
	EndGlobalSection
	GlobalSection(ProjectConfigurationPlatforms) = postSolution
		{92DE133C-47BD-4304-A906-F3DE2C6D462F}.Debug|Any CPU.ActiveCfg = Debug|Any CPU
		{92DE133C-47BD-4304-A906-F3DE2C6D462F}.Debug|Any CPU.Build.0 = Debug|Any CPU
		{92DE133C-47BD-4304-A906-F3DE2C6D462F}.Release|Any CPU.ActiveCfg = Release|Any CPU
		{92DE133C-47BD-4304-A906-F3DE2C6D462F}.Release|Any CPU.Build.0 = Release|Any CPU
	EndGlobalSection
	GlobalSection(SolutionProperties) = preSolution
		HideSolutionNode = FALSE
	EndGlobalSection
	GlobalSection(ExtensibilityGlobals) = postSolution
		SolutionGuid = {04AA95E2-EECC-4660-AEED-E1DC3FC1BC78}
	EndGlobalSection
EndGlobal
